
Microsoft Visual Studio Solution File, Format Version 12.00
# Visual Studio 14
VisualStudioVersion = 14.0.24720.0
MinimumVisualStudioVersion = 10.0.40219.1
Project("{2150E333-8FDC-42A3-9474-1A3956D46DE8}") = "SharedKernel", "SharedKernel", "{EB0F50A3-EADC-4B52-B7EE-9836D4E92BF7}"
EndProject
Project("{F184B08F-C81C-45F6-A57F-5ABD9991F28F}") = "ManageOps.SharedKernel", "SharedKernel\ManageOps.SharedKernel.vbproj", "{96F7A355-5593-4FED-B921-FB23965CDB73}"
EndProject
Project("{2150E333-8FDC-42A3-9474-1A3956D46DE8}") = "SharedDatabaseManagementTools", "SharedDatabaseManagementTools", "{54A70F4F-ACE3-4FD0-A163-BA8DFB556BEA}"
EndProject
Project("{F184B08F-C81C-45F6-A57F-5ABD9991F28F}") = "EngineeringOffice", "EngineeringOffice.SharedDatabase\EngineeringOffice.vbproj", "{87F6763B-2D1F-4ABB-AC58-AF2B1F7E8974}"
EndProject
Project("{2150E333-8FDC-42A3-9474-1A3956D46DE8}") = "Work", "Work", "{F73DBAB7-049F-4051-91F7-327E61465A99}"
EndProject
Project("{F184B08F-C81C-45F6-A57F-5ABD9991F28F}") = "FieldNotes", "FieldNotes\FieldNotes.vbproj", "{B087AB5B-2D8A-40F8-B075-0935699E747D}"
EndProject
Project("{2150E333-8FDC-42A3-9474-1A3956D46DE8}") = "Infrastructure", "Infrastructure", "{C178A56B-2DC1-4D5D-87B2-62CA3082AD86}"
	ProjectSection(SolutionItems) = preProject
		WorkContext.vb = WorkContext.vb
	EndProjectSection
EndProject
Project("{F184B08F-C81C-45F6-A57F-5ABD9991F28F}") = "Work.Data", "OutdoorWork.Data\Work.Data.vbproj", "{7083D41A-35F3-4F15-8AA4-BE6247C3CDDD}"
EndProject
Project("{F184B08F-C81C-45F6-A57F-5ABD9991F28F}") = "Work.UnitTests", "OutdoorWork.UnitTests\Work.UnitTests.vbproj", "{E851BA58-7D37-4CA7-94C7-0ABEA7A23191}"
	ProjectSection(ProjectDependencies) = postProject
		{87F6763B-2D1F-4ABB-AC58-AF2B1F7E8974} = {87F6763B-2D1F-4ABB-AC58-AF2B1F7E8974}
		{96F7A355-5593-4FED-B921-FB23965CDB73} = {96F7A355-5593-4FED-B921-FB23965CDB73}
		{DFD3EC9E-664D-4F09-9F66-ABC1B4BBE048} = {DFD3EC9E-664D-4F09-9F66-ABC1B4BBE048}
	EndProjectSection
EndProject
Project("{F184B08F-C81C-45F6-A57F-5ABD9991F28F}") = "Work.Core", "OutdoorWork.Core\Work.Core.vbproj", "{DFD3EC9E-664D-4F09-9F66-ABC1B4BBE048}"
	ProjectSection(ProjectDependencies) = postProject
		{96F7A355-5593-4FED-B921-FB23965CDB73} = {96F7A355-5593-4FED-B921-FB23965CDB73}
	EndProjectSection
EndProject
Project("{2150E333-8FDC-42A3-9474-1A3956D46DE8}") = "Repositories", "Repositories", "{518DB299-9E56-45C5-910D-4400B9F10F0C}"
EndProject
Project("{2150E333-8FDC-42A3-9474-1A3956D46DE8}") = "Models", "Models", "{7C171302-F1EF-4BEF-A854-BABF72E8FFA6}"
	ProjectSection(SolutionItems) = preProject
		SharedKernel\Entity.vb = SharedKernel\Entity.vb
	EndProjectSection
EndProject
Project("{F184B08F-C81C-45F6-A57F-5ABD9991F28F}") = "EngineeringOfficeTests", "SharedDatabaseTests\EngineeringOfficeTests.vbproj", "{A026042E-CF4D-4981-AA39-02E5F606153A}"
	ProjectSection(ProjectDependencies) = postProject
		{87F6763B-2D1F-4ABB-AC58-AF2B1F7E8974} = {87F6763B-2D1F-4ABB-AC58-AF2B1F7E8974}
	EndProjectSection
EndProject
Project("{2150E333-8FDC-42A3-9474-1A3956D46DE8}") = "Interfaces", "Interfaces", "{BBAFE76D-A047-4AA3-86A0-66ACD9B25848}"
EndProject
Project("{2150E333-8FDC-42A3-9474-1A3956D46DE8}") = "Migrations", "Migrations", "{628EFB1E-66F1-417D-ABC9-EE49EAF59E67}"
EndProject
Global
	GlobalSection(SolutionConfigurationPlatforms) = preSolution
		Debug|Any CPU = Debug|Any CPU
		Release|Any CPU = Release|Any CPU
	EndGlobalSection
	GlobalSection(ProjectConfigurationPlatforms) = postSolution
		{96F7A355-5593-4FED-B921-FB23965CDB73}.Debug|Any CPU.ActiveCfg = Debug|Any CPU
		{96F7A355-5593-4FED-B921-FB23965CDB73}.Debug|Any CPU.Build.0 = Debug|Any CPU
		{96F7A355-5593-4FED-B921-FB23965CDB73}.Release|Any CPU.ActiveCfg = Release|Any CPU
		{96F7A355-5593-4FED-B921-FB23965CDB73}.Release|Any CPU.Build.0 = Release|Any CPU
		{87F6763B-2D1F-4ABB-AC58-AF2B1F7E8974}.Debug|Any CPU.ActiveCfg = Debug|Any CPU
		{87F6763B-2D1F-4ABB-AC58-AF2B1F7E8974}.Debug|Any CPU.Build.0 = Debug|Any CPU
		{87F6763B-2D1F-4ABB-AC58-AF2B1F7E8974}.Release|Any CPU.ActiveCfg = Release|Any CPU
		{87F6763B-2D1F-4ABB-AC58-AF2B1F7E8974}.Release|Any CPU.Build.0 = Release|Any CPU
		{B087AB5B-2D8A-40F8-B075-0935699E747D}.Debug|Any CPU.ActiveCfg = Debug|Any CPU
		{B087AB5B-2D8A-40F8-B075-0935699E747D}.Debug|Any CPU.Build.0 = Debug|Any CPU
		{B087AB5B-2D8A-40F8-B075-0935699E747D}.Release|Any CPU.ActiveCfg = Release|Any CPU
		{B087AB5B-2D8A-40F8-B075-0935699E747D}.Release|Any CPU.Build.0 = Release|Any CPU
		{7083D41A-35F3-4F15-8AA4-BE6247C3CDDD}.Debug|Any CPU.ActiveCfg = Debug|Any CPU
		{7083D41A-35F3-4F15-8AA4-BE6247C3CDDD}.Debug|Any CPU.Build.0 = Debug|Any CPU
		{7083D41A-35F3-4F15-8AA4-BE6247C3CDDD}.Release|Any CPU.ActiveCfg = Release|Any CPU
		{7083D41A-35F3-4F15-8AA4-BE6247C3CDDD}.Release|Any CPU.Build.0 = Release|Any CPU
		{E851BA58-7D37-4CA7-94C7-0ABEA7A23191}.Debug|Any CPU.ActiveCfg = Debug|Any CPU
		{E851BA58-7D37-4CA7-94C7-0ABEA7A23191}.Debug|Any CPU.Build.0 = Debug|Any CPU
		{E851BA58-7D37-4CA7-94C7-0ABEA7A23191}.Release|Any CPU.ActiveCfg = Release|Any CPU
		{E851BA58-7D37-4CA7-94C7-0ABEA7A23191}.Release|Any CPU.Build.0 = Release|Any CPU
		{DFD3EC9E-664D-4F09-9F66-ABC1B4BBE048}.Debug|Any CPU.ActiveCfg = Debug|Any CPU
		{DFD3EC9E-664D-4F09-9F66-ABC1B4BBE048}.Debug|Any CPU.Build.0 = Debug|Any CPU
		{DFD3EC9E-664D-4F09-9F66-ABC1B4BBE048}.Release|Any CPU.ActiveCfg = Release|Any CPU
		{DFD3EC9E-664D-4F09-9F66-ABC1B4BBE048}.Release|Any CPU.Build.0 = Release|Any CPU
		{A026042E-CF4D-4981-AA39-02E5F606153A}.Debug|Any CPU.ActiveCfg = Debug|Any CPU
		{A026042E-CF4D-4981-AA39-02E5F606153A}.Debug|Any CPU.Build.0 = Debug|Any CPU
		{A026042E-CF4D-4981-AA39-02E5F606153A}.Release|Any CPU.ActiveCfg = Release|Any CPU
		{A026042E-CF4D-4981-AA39-02E5F606153A}.Release|Any CPU.Build.0 = Release|Any CPU
	EndGlobalSection
	GlobalSection(SolutionProperties) = preSolution
		HideSolutionNode = FALSE
	EndGlobalSection
	GlobalSection(NestedProjects) = preSolution
		{96F7A355-5593-4FED-B921-FB23965CDB73} = {EB0F50A3-EADC-4B52-B7EE-9836D4E92BF7}
		{87F6763B-2D1F-4ABB-AC58-AF2B1F7E8974} = {54A70F4F-ACE3-4FD0-A163-BA8DFB556BEA}
		{B087AB5B-2D8A-40F8-B075-0935699E747D} = {F73DBAB7-049F-4051-91F7-327E61465A99}
		{C178A56B-2DC1-4D5D-87B2-62CA3082AD86} = {F73DBAB7-049F-4051-91F7-327E61465A99}
		{7083D41A-35F3-4F15-8AA4-BE6247C3CDDD} = {C178A56B-2DC1-4D5D-87B2-62CA3082AD86}
		{E851BA58-7D37-4CA7-94C7-0ABEA7A23191} = {F73DBAB7-049F-4051-91F7-327E61465A99}
		{DFD3EC9E-664D-4F09-9F66-ABC1B4BBE048} = {F73DBAB7-049F-4051-91F7-327E61465A99}
		{518DB299-9E56-45C5-910D-4400B9F10F0C} = {C178A56B-2DC1-4D5D-87B2-62CA3082AD86}
		{7C171302-F1EF-4BEF-A854-BABF72E8FFA6} = {C178A56B-2DC1-4D5D-87B2-62CA3082AD86}
		{A026042E-CF4D-4981-AA39-02E5F606153A} = {54A70F4F-ACE3-4FD0-A163-BA8DFB556BEA}
		{BBAFE76D-A047-4AA3-86A0-66ACD9B25848} = {C178A56B-2DC1-4D5D-87B2-62CA3082AD86}
		{628EFB1E-66F1-417D-ABC9-EE49EAF59E67} = {C178A56B-2DC1-4D5D-87B2-62CA3082AD86}
	EndGlobalSection
EndGlobal
